
Microsoft Visual Studio Solution File, Format Version 12.00
# Visual Studio Version 16
VisualStudioVersion = 16.0.30011.22
MinimumVisualStudioVersion = 10.0.40219.1
Project("{9A19103F-16F7-4668-BE54-9A1E7A4F7556}") = "NetKnowledgeTest", "NetKnowledgeTest.csproj", "{C225BD1F-0D4D-4C05-BAE3-D24E6B286014}"
EndProject
Project("{E53339B2-1760-4266-BCC7-CA923CBCF16C}") = "docker-compose", "docker-compose.dcproj", "{083F3B67-2AE9-4217-B452-E922C327805E}"
EndProject
Global
	GlobalSection(SolutionConfigurationPlatforms) = preSolution
		Debug|Any CPU = Debug|Any CPU
		Release|Any CPU = Release|Any CPU
	EndGlobalSection
	GlobalSection(ProjectConfigurationPlatforms) = postSolution
		{C225BD1F-0D4D-4C05-BAE3-D24E6B286014}.Debug|Any CPU.ActiveCfg = Debug|Any CPU
		{C225BD1F-0D4D-4C05-BAE3-D24E6B286014}.Debug|Any CPU.Build.0 = Debug|Any CPU
		{C225BD1F-0D4D-4C05-BAE3-D24E6B286014}.Release|Any CPU.ActiveCfg = Release|Any CPU
		{C225BD1F-0D4D-4C05-BAE3-D24E6B286014}.Release|Any CPU.Build.0 = Release|Any CPU
		{083F3B67-2AE9-4217-B452-E922C327805E}.Debug|Any CPU.ActiveCfg = Debug|Any CPU
		{083F3B67-2AE9-4217-B452-E922C327805E}.Debug|Any CPU.Build.0 = Debug|Any CPU
		{083F3B67-2AE9-4217-B452-E922C327805E}.Release|Any CPU.ActiveCfg = Release|Any CPU
		{083F3B67-2AE9-4217-B452-E922C327805E}.Release|Any CPU.Build.0 = Release|Any CPU
	EndGlobalSection
	GlobalSection(SolutionProperties) = preSolution
		HideSolutionNode = FALSE
	EndGlobalSection
	GlobalSection(ExtensibilityGlobals) = postSolution
		SolutionGuid = {02CF6187-E338-4586-82CE-97523B289590}
	EndGlobalSection
EndGlobal
